
Microsoft Visual Studio Solution File, Format Version 12.00
# Visual Studio Version 17
VisualStudioVersion = 17.8.34330.188
MinimumVisualStudioVersion = 10.0.40219.1
Project("{FAE04EC0-301F-11D3-BF4B-00C04F79EFBC}") = "SBIN", "SBIN.csproj", "{5D1A9632-7654-4469-A98C-5824216B6BB6}"
EndProject
Global
	GlobalSection(SolutionConfigurationPlatforms) = preSolution
		Debug|Any CPU = Debug|Any CPU
		Release|Any CPU = Release|Any CPU
	EndGlobalSection
	GlobalSection(ProjectConfigurationPlatforms) = postSolution
		{5D1A9632-7654-4469-A98C-5824216B6BB6}.Debug|Any CPU.ActiveCfg = Debug|Any CPU
		{5D1A9632-7654-4469-A98C-5824216B6BB6}.Debug|Any CPU.Build.0 = Debug|Any CPU
		{5D1A9632-7654-4469-A98C-5824216B6BB6}.Release|Any CPU.ActiveCfg = Release|Any CPU
		{5D1A9632-7654-4469-A98C-5824216B6BB6}.Release|Any CPU.Build.0 = Release|Any CPU
	EndGlobalSection
	GlobalSection(SolutionProperties) = preSolution
		HideSolutionNode = FALSE
	EndGlobalSection
	GlobalSection(ExtensibilityGlobals) = postSolution
		SolutionGuid = {40D13024-EE6C-459F-BCD1-8AE3F780697F}
	EndGlobalSection
EndGlobal
